{
  "name": "jslovers-typescript-workshop",
  "version": "1.0.0",
  "lockfileVersion": 1,
  "requires": true,
  "dependencies": {
    "typescript": {
      "version": "3.9.0-dev.20200215",
      "resolved": "https://registry.npmjs.org/typescript/-/typescript-3.9.0-dev.20200215.tgz",
      "integrity": "sha512-B4VE2NldE3UMvxpCCz8hR2xByjLH4XJYdbKpMoxl4cpG2/yLGIfxgf4B854hx9ZgMc+7lWzO/+b90vYVoRi/7g==",
      "dev": true
    }
  }
}
